// !$*UTF8*$!
{
	archiveVersion = 1;
	classes = {
	};
	objectVersion = 77;
	objects = {

/* Begin PBXBuildFile section */
		FAB23F1F2CFC5F98009C1400 /* .swiftlint.yml in Resources */ = {isa = PBXBuildFile; fileRef = FAB23F1E2CFC5F98009C1400 /* .swiftlint.yml */; };
		FAEE60E82CF6DCFA00EA32A6 /* Toast in Frameworks */ = {isa = PBXBuildFile; productRef = FAEE60E72CF6DCFA00EA32A6 /* Toast */; };
/* End PBXBuildFile section */

/* Begin PBXContainerItemProxy section */
		FA66DFCA2CF1C48000EF241E /* PBXContainerItemProxy */ = {
			isa = PBXContainerItemProxy;
			containerPortal = FA66DFAB2CF1C47D00EF241E /* Project object */;
			proxyType = 1;
			remoteGlobalIDString = FA66DFB22CF1C47D00EF241E;
			remoteInfo = saranggame;
		};
		FA66DFD42CF1C48000EF241E /* PBXContainerItemProxy */ = {
			isa = PBXContainerItemProxy;
			containerPortal = FA66DFAB2CF1C47D00EF241E /* Project object */;
			proxyType = 1;
			remoteGlobalIDString = FA66DFB22CF1C47D00EF241E;
			remoteInfo = saranggame;
		};
/* End PBXContainerItemProxy section */

/* Begin PBXFileReference section */
		FA66DFB32CF1C47D00EF241E /* saranggame.app */ = {isa = PBXFileReference; explicitFileType = wrapper.application; includeInIndex = 0; path = saranggame.app; sourceTree = BUILT_PRODUCTS_DIR; };
		FA66DFC92CF1C48000EF241E /* saranggameTests.xctest */ = {isa = PBXFileReference; explicitFileType = wrapper.cfbundle; includeInIndex = 0; path = saranggameTests.xctest; sourceTree = BUILT_PRODUCTS_DIR; };
		FA66DFD32CF1C48000EF241E /* saranggameUITests.xctest */ = {isa = PBXFileReference; explicitFileType = wrapper.cfbundle; includeInIndex = 0; path = saranggameUITests.xctest; sourceTree = BUILT_PRODUCTS_DIR; };
		FAB23F1E2CFC5F98009C1400 /* .swiftlint.yml */ = {isa = PBXFileReference; lastKnownFileType = text.yaml; path = .swiftlint.yml; sourceTree = "<group>"; };
/* End PBXFileReference section */

/* Begin PBXFileSystemSynchronizedBuildFileExceptionSet section */
		FA66DFDB2CF1C48000EF241E /* Exceptions for "saranggame" folder in "saranggame" target */ = {
			isa = PBXFileSystemSynchronizedBuildFileExceptionSet;
			membershipExceptions = (
				Info.plist,
			);
			target = FA66DFB22CF1C47D00EF241E /* saranggame */;
		};
/* End PBXFileSystemSynchronizedBuildFileExceptionSet section */

/* Begin PBXFileSystemSynchronizedRootGroup section */
		FA66DFB52CF1C47D00EF241E /* saranggame */ = {
			isa = PBXFileSystemSynchronizedRootGroup;
			exceptions = (
				FA66DFDB2CF1C48000EF241E /* Exceptions for "saranggame" folder in "saranggame" target */,
			);
			path = saranggame;
			sourceTree = "<group>";
		};
		FA66DFCC2CF1C48000EF241E /* saranggameTests */ = {
			isa = PBXFileSystemSynchronizedRootGroup;
			path = saranggameTests;
			sourceTree = "<group>";
		};
		FA66DFD62CF1C48000EF241E /* saranggameUITests */ = {
			isa = PBXFileSystemSynchronizedRootGroup;
			path = saranggameUITests;
			sourceTree = "<group>";
		};
/* End PBXFileSystemSynchronizedRootGroup section */

/* Begin PBXFrameworksBuildPhase section */
		FA66DFB02CF1C47D00EF241E /* Frameworks */ = {
			isa = PBXFrameworksBuildPhase;
			buildActionMask = 2147483647;
			files = (
				FAEE60E82CF6DCFA00EA32A6 /* Toast in Frameworks */,
			);
			runOnlyForDeploymentPostprocessing = 0;
		};
		FA66DFC62CF1C48000EF241E /* Frameworks */ = {
			isa = PBXFrameworksBuildPhase;
			buildActionMask = 2147483647;
			files = (
			);
			runOnlyForDeploymentPostprocessing = 0;
		};
		FA66DFD02CF1C48000EF241E /* Frameworks */ = {
			isa = PBXFrameworksBuildPhase;
			buildActionMask = 2147483647;
			files = (
			);
			runOnlyForDeploymentPostprocessing = 0;
		};
/* End PBXFrameworksBuildPhase section */

/* Begin PBXGroup section */
		FA66DFAA2CF1C47D00EF241E = {
			isa = PBXGroup;
			children = (
				FAB23F1E2CFC5F98009C1400 /* .swiftlint.yml */,
				FA66DFB52CF1C47D00EF241E /* saranggame */,
				FA66DFCC2CF1C48000EF241E /* saranggameTests */,
				FA66DFD62CF1C48000EF241E /* saranggameUITests */,
				FA66DFB42CF1C47D00EF241E /* Products */,
			);
			sourceTree = "<group>";
		};
		FA66DFB42CF1C47D00EF241E /* Products */ = {
			isa = PBXGroup;
			children = (
				FA66DFB32CF1C47D00EF241E /* saranggame.app */,
				FA66DFC92CF1C48000EF241E /* saranggameTests.xctest */,
				FA66DFD32CF1C48000EF241E /* saranggameUITests.xctest */,
			);
			name = Products;
			sourceTree = "<group>";
		};
/* End PBXGroup section */

/* Begin PBXNativeTarget section */
		FA66DFB22CF1C47D00EF241E /* saranggame */ = {
			isa = PBXNativeTarget;
			buildConfigurationList = FA66DFDC2CF1C48000EF241E /* Build configuration list for PBXNativeTarget "saranggame" */;
			buildPhases = (
				FA66DFAF2CF1C47D00EF241E /* Sources */,
				FA66DFB02CF1C47D00EF241E /* Frameworks */,
				FA66DFB12CF1C47D00EF241E /* Resources */,
				FAB23F1A2CFC5CE4009C1400 /* ShellScript */,
			);
			buildRules = (
			);
			dependencies = (
			);
			fileSystemSynchronizedGroups = (
				FA66DFB52CF1C47D00EF241E /* saranggame */,
			);
			name = saranggame;
			packageProductDependencies = (
				FAEE60E72CF6DCFA00EA32A6 /* Toast */,
			);
			productName = saranggame;
			productReference = FA66DFB32CF1C47D00EF241E /* saranggame.app */;
			productType = "com.apple.product-type.application";
		};
		FA66DFC82CF1C48000EF241E /* saranggameTests */ = {
			isa = PBXNativeTarget;
			buildConfigurationList = FA66DFE12CF1C48000EF241E /* Build configuration list for PBXNativeTarget "saranggameTests" */;
			buildPhases = (
				FA66DFC52CF1C48000EF241E /* Sources */,
				FA66DFC62CF1C48000EF241E /* Frameworks */,
				FA66DFC72CF1C48000EF241E /* Resources */,
			);
			buildRules = (
			);
			dependencies = (
				FA66DFCB2CF1C48000EF241E /* PBXTargetDependency */,
			);
			fileSystemSynchronizedGroups = (
				FA66DFCC2CF1C48000EF241E /* saranggameTests */,
			);
			name = saranggameTests;
			packageProductDependencies = (
			);
			productName = saranggameTests;
			productReference = FA66DFC92CF1C48000EF241E /* saranggameTests.xctest */;
			productType = "com.apple.product-type.bundle.unit-test";
		};
		FA66DFD22CF1C48000EF241E /* saranggameUITests */ = {
			isa = PBXNativeTarget;
			buildConfigurationList = FA66DFE42CF1C48000EF241E /* Build configuration list for PBXNativeTarget "saranggameUITests" */;
			buildPhases = (
				FA66DFCF2CF1C48000EF241E /* Sources */,
				FA66DFD02CF1C48000EF241E /* Frameworks */,
				FA66DFD12CF1C48000EF241E /* Resources */,
			);
			buildRules = (
			);
			dependencies = (
				FA66DFD52CF1C48000EF241E /* PBXTargetDependency */,
			);
			fileSystemSynchronizedGroups = (
				FA66DFD62CF1C48000EF241E /* saranggameUITests */,
			);
			name = saranggameUITests;
			packageProductDependencies = (
			);
			productName = saranggameUITests;
			productReference = FA66DFD32CF1C48000EF241E /* saranggameUITests.xctest */;
			productType = "com.apple.product-type.bundle.ui-testing";
		};
/* End PBXNativeTarget section */

/* Begin PBXProject section */
		FA66DFAB2CF1C47D00EF241E /* Project object */ = {
			isa = PBXProject;
			attributes = {
				BuildIndependentTargetsInParallel = 1;
				LastSwiftUpdateCheck = 1610;
				LastUpgradeCheck = 1610;
				TargetAttributes = {
					FA66DFB22CF1C47D00EF241E = {
						CreatedOnToolsVersion = 16.1;
					};
					FA66DFC82CF1C48000EF241E = {
						CreatedOnToolsVersion = 16.1;
						TestTargetID = FA66DFB22CF1C47D00EF241E;
					};
					FA66DFD22CF1C48000EF241E = {
						CreatedOnToolsVersion = 16.1;
						TestTargetID = FA66DFB22CF1C47D00EF241E;
					};
				};
			};
			buildConfigurationList = FA66DFAE2CF1C47D00EF241E /* Build configuration list for PBXProject "saranggame" */;
			developmentRegion = en;
			hasScannedForEncodings = 0;
			knownRegions = (
				en,
				Base,
			);
			mainGroup = FA66DFAA2CF1C47D00EF241E;
			minimizedProjectReferenceProxies = 1;
			packageReferences = (
				FAEE60A32CF6D87800EA32A6 /* XCRemoteSwiftPackageReference "Toast-Swift" */,
			);
			preferredProjectObjectVersion = 77;
			productRefGroup = FA66DFB42CF1C47D00EF241E /* Products */;
			projectDirPath = "";
			projectRoot = "";
			targets = (
				FA66DFB22CF1C47D00EF241E /* saranggame */,
				FA66DFC82CF1C48000EF241E /* saranggameTests */,
				FA66DFD22CF1C48000EF241E /* saranggameUITests */,
			);
		};
/* End PBXProject section */

/* Begin PBXResourcesBuildPhase section */
		FA66DFB12CF1C47D00EF241E /* Resources */ = {
			isa = PBXResourcesBuildPhase;
			buildActionMask = 2147483647;
			files = (
				FAB23F1F2CFC5F98009C1400 /* .swiftlint.yml in Resources */,
			);
			runOnlyForDeploymentPostprocessing = 0;
		};
		FA66DFC72CF1C48000EF241E /* Resources */ = {
			isa = PBXResourcesBuildPhase;
			buildActionMask = 2147483647;
			files = (
			);
			runOnlyForDeploymentPostprocessing = 0;
		};
		FA66DFD12CF1C48000EF241E /* Resources */ = {
			isa = PBXResourcesBuildPhase;
			buildActionMask = 2147483647;
			files = (
			);
			runOnlyForDeploymentPostprocessing = 0;
		};
/* End PBXResourcesBuildPhase section */

/* Begin PBXShellScriptBuildPhase section */
		FAB23F1A2CFC5CE4009C1400 /* ShellScript */ = {
			isa = PBXShellScriptBuildPhase;
			buildActionMask = 2147483647;
			files = (
			);
			inputFileListPaths = (
			);
			inputPaths = (
			);
			outputFileListPaths = (
			);
			outputPaths = (
			);
			runOnlyForDeploymentPostprocessing = 0;
			shellPath = /bin/sh;
			shellScript = "# Type a script or drag a script file from your workspace to insert its path.\nif [[ \"$(uname -m)\" == arm64 ]]; then\n    export PATH=\"/opt/homebrew/bin:$PATH\"\nfi\n \nif which swiftlint > /dev/null; then\n  swiftlint\nelse\n  echo \"warning: SwiftLint not installed, download from https://github.com/realm/SwiftLint\"\nfi\n";
		};
/* End PBXShellScriptBuildPhase section */

/* Begin PBXSourcesBuildPhase section */
		FA66DFAF2CF1C47D00EF241E /* Sources */ = {
			isa = PBXSourcesBuildPhase;
			buildActionMask = 2147483647;
			files = (
			);
			runOnlyForDeploymentPostprocessing = 0;
		};
		FA66DFC52CF1C48000EF241E /* Sources */ = {
			isa = PBXSourcesBuildPhase;
			buildActionMask = 2147483647;
			files = (
			);
			runOnlyForDeploymentPostprocessing = 0;
		};
		FA66DFCF2CF1C48000EF241E /* Sources */ = {
			isa = PBXSourcesBuildPhase;
			buildActionMask = 2147483647;
			files = (
			);
			runOnlyForDeploymentPostprocessing = 0;
		};
/* End PBXSourcesBuildPhase section */

/* Begin PBXTargetDependency section */
		FA66DFCB2CF1C48000EF241E /* PBXTargetDependency */ = {
			isa = PBXTargetDependency;
			target = FA66DFB22CF1C47D00EF241E /* saranggame */;
			targetProxy = FA66DFCA2CF1C48000EF241E /* PBXContainerItemProxy */;
		};
		FA66DFD52CF1C48000EF241E /* PBXTargetDependency */ = {
			isa = PBXTargetDependency;
			target = FA66DFB22CF1C47D00EF241E /* saranggame */;
			targetProxy = FA66DFD42CF1C48000EF241E /* PBXContainerItemProxy */;
		};
/* End PBXTargetDependency section */

/* Begin XCBuildConfiguration section */
		FA66DFDD2CF1C48000EF241E /* Debug */ = {
			isa = XCBuildConfiguration;
			buildSettings = {
				ASSETCATALOG_COMPILER_APPICON_NAME = AppIcon;
				ASSETCATALOG_COMPILER_GLOBAL_ACCENT_COLOR_NAME = AccentColor;
				CODE_SIGN_STYLE = Automatic;
				CURRENT_PROJECT_VERSION = 1;
				ENABLE_USER_SCRIPT_SANDBOXING = NO;
				GENERATE_INFOPLIST_FILE = YES;
				INFOPLIST_FILE = saranggame/Info.plist;
				INFOPLIST_KEY_UIApplicationSupportsIndirectInputEvents = YES;
				INFOPLIST_KEY_UILaunchStoryboardName = LaunchScreen;
				INFOPLIST_KEY_UIMainStoryboardFile = Main;
				INFOPLIST_KEY_UISupportedInterfaceOrientations_iPad = "UIInterfaceOrientationPortrait UIInterfaceOrientationPortraitUpsideDown UIInterfaceOrientationLandscapeLeft UIInterfaceOrientationLandscapeRight";
				INFOPLIST_KEY_UISupportedInterfaceOrientations_iPhone = "UIInterfaceOrientationPortrait UIInterfaceOrientationLandscapeLeft UIInterfaceOrientationLandscapeRight";
				LD_RUNPATH_SEARCH_PATHS = (
					"$(inherited)",
					"@executable_path/Frameworks",
				);
				MARKETING_VERSION = 1.0;
				PRODUCT_BUNDLE_IDENTIFIER = com.mikirinkode.saranggame;
				PRODUCT_NAME = "$(TARGET_NAME)";
				SWIFT_EMIT_LOC_STRINGS = YES;
				SWIFT_VERSION = 5.0;
				TARGETED_DEVICE_FAMILY = "1,2";
			};
			name = Debug;
		};
		FA66DFDE2CF1C48000EF241E /* Release */ = {
			isa = XCBuildConfiguration;
			buildSettings = {
				ASSETCATALOG_COMPILER_APPICON_NAME = AppIcon;
				ASSETCATALOG_COMPILER_GLOBAL_ACCENT_COLOR_NAME = AccentColor;
				CODE_SIGN_STYLE = Automatic;
				CURRENT_PROJECT_VERSION = 1;
				ENABLE_USER_SCRIPT_SANDBOXING = NO;
				GENERATE_INFOPLIST_FILE = YES;
				INFOPLIST_FILE = saranggame/Info.plist;
				INFOPLIST_KEY_UIApplicationSupportsIndirectInputEvents = YES;
				INFOPLIST_KEY_UILaunchStoryboardName = LaunchScreen;
				INFOPLIST_KEY_UIMainStoryboardFile = Main;
				INFOPLIST_KEY_UISupportedInterfaceOrientations_iPad = "UIInterfaceOrientationPortrait UIInterfaceOrientationPortraitUpsideDown UIInterfaceOrientationLandscapeLeft UIInterfaceOrientationLandscapeRight";
				INFOPLIST_KEY_UISupportedInterfaceOrientations_iPhone = "UIInterfaceOrientationPortrait UIInterfaceOrientationLandscapeLeft UIInterfaceOrientationLandscapeRight";
				LD_RUNPATH_SEARCH_PATHS = (
					"$(inherited)",
					"@executable_path/Frameworks",
				);
				MARKETING_VERSION = 1.0;
				PRODUCT_BUNDLE_IDENTIFIER = com.mikirinkode.saranggame;
				PRODUCT_NAME = "$(TARGET_NAME)";
				SWIFT_EMIT_LOC_STRINGS = YES;
				SWIFT_VERSION = 5.0;
				TARGETED_DEVICE_FAMILY = "1,2";
			};
			name = Release;
		};
		FA66DFDF2CF1C48000EF241E /* Debug */ = {
			isa = XCBuildConfiguration;
			buildSettings = {
				ALWAYS_SEARCH_USER_PATHS = NO;
				ASSETCATALOG_COMPILER_GENERATE_SWIFT_ASSET_SYMBOL_EXTENSIONS = YES;
				CLANG_ANALYZER_NONNULL = YES;
				CLANG_ANALYZER_NUMBER_OBJECT_CONVERSION = YES_AGGRESSIVE;
				CLANG_CXX_LANGUAGE_STANDARD = "gnu++20";
				CLANG_ENABLE_MODULES = YES;
				CLANG_ENABLE_OBJC_ARC = YES;
				CLANG_ENABLE_OBJC_WEAK = YES;
				CLANG_WARN_BLOCK_CAPTURE_AUTORELEASING = YES;
				CLANG_WARN_BOOL_CONVERSION = YES;
				CLANG_WARN_COMMA = YES;
				CLANG_WARN_CONSTANT_CONVERSION = YES;
				CLANG_WARN_DEPRECATED_OBJC_IMPLEMENTATIONS = YES;
				CLANG_WARN_DIRECT_OBJC_ISA_USAGE = YES_ERROR;
				CLANG_WARN_DOCUMENTATION_COMMENTS = YES;
				CLANG_WARN_EMPTY_BODY = YES;
				CLANG_WARN_ENUM_CONVERSION = YES;
				CLANG_WARN_INFINITE_RECURSION = YES;
				CLANG_WARN_INT_CONVERSION = YES;
				CLANG_WARN_NON_LITERAL_NULL_CONVERSION = YES;
				CLANG_WARN_OBJC_IMPLICIT_RETAIN_SELF = YES;
				CLANG_WARN_OBJC_LITERAL_CONVERSION = YES;
				CLANG_WARN_OBJC_ROOT_CLASS = YES_ERROR;
				CLANG_WARN_QUOTED_INCLUDE_IN_FRAMEWORK_HEADER = YES;
				CLANG_WARN_RANGE_LOOP_ANALYSIS = YES;
				CLANG_WARN_STRICT_PROTOTYPES = YES;
				CLANG_WARN_SUSPICIOUS_MOVE = YES;
				CLANG_WARN_UNGUARDED_AVAILABILITY = YES_AGGRESSIVE;
				CLANG_WARN_UNREACHABLE_CODE = YES;
				CLANG_WARN__DUPLICATE_METHOD_MATCH = YES;
				COPY_PHASE_STRIP = NO;
				DEBUG_INFORMATION_FORMAT = dwarf;
				ENABLE_STRICT_OBJC_MSGSEND = YES;
				ENABLE_TESTABILITY = YES;
				ENABLE_USER_SCRIPT_SANDBOXING = YES;
				GCC_C_LANGUAGE_STANDARD = gnu17;
				GCC_DYNAMIC_NO_PIC = NO;
				GCC_NO_COMMON_BLOCKS = YES;
				GCC_OPTIMIZATION_LEVEL = 0;
				GCC_PREPROCESSOR_DEFINITIONS = (
					"DEBUG=1",
					"$(inherited)",
				);
				GCC_WARN_64_TO_32_BIT_CONVERSION = YES;
				GCC_WARN_ABOUT_RETURN_TYPE = YES_ERROR;
				GCC_WARN_UNDECLARED_SELECTOR = YES;
				GCC_WARN_UNINITIALIZED_AUTOS = YES_AGGRESSIVE;
				GCC_WARN_UNUSED_FUNCTION = YES;
				GCC_WARN_UNUSED_VARIABLE = YES;
				IPHONEOS_DEPLOYMENT_TARGET = 18.1;
				LOCALIZATION_PREFERS_STRING_CATALOGS = YES;
				MTL_ENABLE_DEBUG_INFO = INCLUDE_SOURCE;
				MTL_FAST_MATH = YES;
				ONLY_ACTIVE_ARCH = YES;
				SDKROOT = iphoneos;
				SWIFT_ACTIVE_COMPILATION_CONDITIONS = "DEBUG $(inherited)";
				SWIFT_OPTIMIZATION_LEVEL = "-Onone";
			};
			name = Debug;
		};
		FA66DFE02CF1C48000EF241E /* Release */ = {
			isa = XCBuildConfiguration;
			buildSettings = {
				ALWAYS_SEARCH_USER_PATHS = NO;
				ASSETCATALOG_COMPILER_GENERATE_SWIFT_ASSET_SYMBOL_EXTENSIONS = YES;
				CLANG_ANALYZER_NONNULL = YES;
				CLANG_ANALYZER_NUMBER_OBJECT_CONVERSION = YES_AGGRESSIVE;
				CLANG_CXX_LANGUAGE_STANDARD = "gnu++20";
				CLANG_ENABLE_MODULES = YES;
				CLANG_ENABLE_OBJC_ARC = YES;
				CLANG_ENABLE_OBJC_WEAK = YES;
				CLANG_WARN_BLOCK_CAPTURE_AUTORELEASING = YES;
				CLANG_WARN_BOOL_CONVERSION = YES;
				CLANG_WARN_COMMA = YES;
				CLANG_WARN_CONSTANT_CONVERSION = YES;
				CLANG_WARN_DEPRECATED_OBJC_IMPLEMENTATIONS = YES;
				CLANG_WARN_DIRECT_OBJC_ISA_USAGE = YES_ERROR;
				CLANG_WARN_DOCUMENTATION_COMMENTS = YES;
				CLANG_WARN_EMPTY_BODY = YES;
				CLANG_WARN_ENUM_CONVERSION = YES;
				CLANG_WARN_INFINITE_RECURSION = YES;
				CLANG_WARN_INT_CONVERSION = YES;
				CLANG_WARN_NON_LITERAL_NULL_CONVERSION = YES;
				CLANG_WARN_OBJC_IMPLICIT_RETAIN_SELF = YES;
				CLANG_WARN_OBJC_LITERAL_CONVERSION = YES;
				CLANG_WARN_OBJC_ROOT_CLASS = YES_ERROR;
				CLANG_WARN_QUOTED_INCLUDE_IN_FRAMEWORK_HEADER = YES;
				CLANG_WARN_RANGE_LOOP_ANALYSIS = YES;
				CLANG_WARN_STRICT_PROTOTYPES = YES;
				CLANG_WARN_SUSPICIOUS_MOVE = YES;
				CLANG_WARN_UNGUARDED_AVAILABILITY = YES_AGGRESSIVE;
				CLANG_WARN_UNREACHABLE_CODE = YES;
				CLANG_WARN__DUPLICATE_METHOD_MATCH = YES;
				COPY_PHASE_STRIP = NO;
				DEBUG_INFORMATION_FORMAT = "dwarf-with-dsym";
				ENABLE_NS_ASSERTIONS = NO;
				ENABLE_STRICT_OBJC_MSGSEND = YES;
				ENABLE_USER_SCRIPT_SANDBOXING = YES;
				GCC_C_LANGUAGE_STANDARD = gnu17;
				GCC_NO_COMMON_BLOCKS = YES;
				GCC_WARN_64_TO_32_BIT_CONVERSION = YES;
				GCC_WARN_ABOUT_RETURN_TYPE = YES_ERROR;
				GCC_WARN_UNDECLARED_SELECTOR = YES;
				GCC_WARN_UNINITIALIZED_AUTOS = YES_AGGRESSIVE;
				GCC_WARN_UNUSED_FUNCTION = YES;
				GCC_WARN_UNUSED_VARIABLE = YES;
				IPHONEOS_DEPLOYMENT_TARGET = 18.1;
				LOCALIZATION_PREFERS_STRING_CATALOGS = YES;
				MTL_ENABLE_DEBUG_INFO = NO;
				MTL_FAST_MATH = YES;
				SDKROOT = iphoneos;
				SWIFT_COMPILATION_MODE = wholemodule;
				VALIDATE_PRODUCT = YES;
			};
			name = Release;
		};
		FA66DFE22CF1C48000EF241E /* Debug */ = {
			isa = XCBuildConfiguration;
			buildSettings = {
				BUNDLE_LOADER = "$(TEST_HOST)";
				CODE_SIGN_STYLE = Automatic;
				CURRENT_PROJECT_VERSION = 1;
				GENERATE_INFOPLIST_FILE = YES;
				IPHONEOS_DEPLOYMENT_TARGET = 18.1;
				MARKETING_VERSION = 1.0;
				PRODUCT_BUNDLE_IDENTIFIER = com.mikirinkode.saranggameTests;
				PRODUCT_NAME = "$(TARGET_NAME)";
				SWIFT_EMIT_LOC_STRINGS = NO;
				SWIFT_VERSION = 5.0;
				TARGETED_DEVICE_FAMILY = "1,2";
				TEST_HOST = "$(BUILT_PRODUCTS_DIR)/saranggame.app/$(BUNDLE_EXECUTABLE_FOLDER_PATH)/saranggame";
			};
			name = Debug;
		};
		FA66DFE32CF1C48000EF241E /* Release */ = {
			isa = XCBuildConfiguration;
			buildSettings = {
				BUNDLE_LOADER = "$(TEST_HOST)";
				CODE_SIGN_STYLE = Automatic;
				CURRENT_PROJECT_VERSION = 1;
				GENERATE_INFOPLIST_FILE = YES;
				IPHONEOS_DEPLOYMENT_TARGET = 18.1;
				MARKETING_VERSION = 1.0;
				PRODUCT_BUNDLE_IDENTIFIER = com.mikirinkode.saranggameTests;
				PRODUCT_NAME = "$(TARGET_NAME)";
				SWIFT_EMIT_LOC_STRINGS = NO;
				SWIFT_VERSION = 5.0;
				TARGETED_DEVICE_FAMILY = "1,2";
				TEST_HOST = "$(BUILT_PRODUCTS_DIR)/saranggame.app/$(BUNDLE_EXECUTABLE_FOLDER_PATH)/saranggame";
			};
			name = Release;
		};
		FA66DFE52CF1C48000EF241E /* Debug */ = {
			isa = XCBuildConfiguration;
			buildSettings = {
				CODE_SIGN_STYLE = Automatic;
				CURRENT_PROJECT_VERSION = 1;
				GENERATE_INFOPLIST_FILE = YES;
				MARKETING_VERSION = 1.0;
				PRODUCT_BUNDLE_IDENTIFIER = com.mikirinkode.saranggameUITests;
				PRODUCT_NAME = "$(TARGET_NAME)";
				SWIFT_EMIT_LOC_STRINGS = NO;
				SWIFT_VERSION = 5.0;
				TARGETED_DEVICE_FAMILY = "1,2";
				TEST_TARGET_NAME = saranggame;
			};
			name = Debug;
		};
		FA66DFE62CF1C48000EF241E /* Release */ = {
			isa = XCBuildConfiguration;
			buildSettings = {
				CODE_SIGN_STYLE = Automatic;
				CURRENT_PROJECT_VERSION = 1;
				GENERATE_INFOPLIST_FILE = YES;
				MARKETING_VERSION = 1.0;
				PRODUCT_BUNDLE_IDENTIFIER = com.mikirinkode.saranggameUITests;
				PRODUCT_NAME = "$(TARGET_NAME)";
				SWIFT_EMIT_LOC_STRINGS = NO;
				SWIFT_VERSION = 5.0;
				TARGETED_DEVICE_FAMILY = "1,2";
				TEST_TARGET_NAME = saranggame;
			};
			name = Release;
		};
/* End XCBuildConfiguration section */

/* Begin XCConfigurationList section */
		FA66DFAE2CF1C47D00EF241E /* Build configuration list for PBXProject "saranggame" */ = {
			isa = XCConfigurationList;
			buildConfigurations = (
				FA66DFDF2CF1C48000EF241E /* Debug */,
				FA66DFE02CF1C48000EF241E /* Release */,
			);
			defaultConfigurationIsVisible = 0;
			defaultConfigurationName = Release;
		};
		FA66DFDC2CF1C48000EF241E /* Build configuration list for PBXNativeTarget "saranggame" */ = {
			isa = XCConfigurationList;
			buildConfigurations = (
				FA66DFDD2CF1C48000EF241E /* Debug */,
				FA66DFDE2CF1C48000EF241E /* Release */,
			);
			defaultConfigurationIsVisible = 0;
			defaultConfigurationName = Release;
		};
		FA66DFE12CF1C48000EF241E /* Build configuration list for PBXNativeTarget "saranggameTests" */ = {
			isa = XCConfigurationList;
			buildConfigurations = (
				FA66DFE22CF1C48000EF241E /* Debug */,
				FA66DFE32CF1C48000EF241E /* Release */,
			);
			defaultConfigurationIsVisible = 0;
			defaultConfigurationName = Release;
		};
		FA66DFE42CF1C48000EF241E /* Build configuration list for PBXNativeTarget "saranggameUITests" */ = {
			isa = XCConfigurationList;
			buildConfigurations = (
				FA66DFE52CF1C48000EF241E /* Debug */,
				FA66DFE62CF1C48000EF241E /* Release */,
			);
			defaultConfigurationIsVisible = 0;
			defaultConfigurationName = Release;
		};
/* End XCConfigurationList section */

/* Begin XCRemoteSwiftPackageReference section */
		FAEE60A32CF6D87800EA32A6 /* XCRemoteSwiftPackageReference "Toast-Swift" */ = {
			isa = XCRemoteSwiftPackageReference;
			repositoryURL = "https://github.com/scalessec/Toast-Swift.git";
			requirement = {
				kind = upToNextMajorVersion;
				minimumVersion = 5.1.1;
			};
		};
/* End XCRemoteSwiftPackageReference section */

/* Begin XCSwiftPackageProductDependency section */
		FAEE60E72CF6DCFA00EA32A6 /* Toast */ = {
			isa = XCSwiftPackageProductDependency;
			package = FAEE60A32CF6D87800EA32A6 /* XCRemoteSwiftPackageReference "Toast-Swift" */;
			productName = Toast;
		};
/* End XCSwiftPackageProductDependency section */
	};
	rootObject = FA66DFAB2CF1C47D00EF241E /* Project object */;
}
